# THIS IS AN AUTOGENERATED FILE. DO NOT EDIT THIS FILE DIRECTLY.
# yarn lockfile v1


bindings@~1.2.1:
  version "1.2.1"
  resolved "https://registry.yarnpkg.com/bindings/-/bindings-1.2.1.tgz#14ad6113812d2d37d72e67b4cacb4bb726505f11"

epoll@~0.1.22:
  version "0.1.22"
  resolved "https://registry.yarnpkg.com/epoll/-/epoll-0.1.22.tgz#1ab9a637cff11a20970c888b1ca2178b64cf5291"
  dependencies:
    bindings "~1.2.1"
    nan "~2.6.2"

nan@~2.6.2:
  version "2.6.2"
  resolved "https://registry.yarnpkg.com/nan/-/nan-2.6.2.tgz#e4ff34e6c95fdfb5aecc08de6596f43605a7db45"

onoff@^1.1.4:
  version "1.1.4"
  resolved "https://registry.yarnpkg.com/onoff/-/onoff-1.1.4.tgz#f615b0b03dd503122e630e2ccb90a01d6687e78a"
  dependencies:
    epoll "~0.1.22"
