{
  "name": "fins",
  "version": "1.0.0",
  "lockfileVersion": 1,
  "requires": true,
  "dependencies": {
    "omron-fins": {
      "version": "git+https://github.com/aktos-io/node-omron-fins.git#a1ccd8cf69209d416f60f17f326b1268c7be3d3e",
      "from": "git+https://github.com/aktos-io/node-omron-fins.git"
    }
  }
}
