{
  "name": "fins",
  "version": "1.0.0",
  "lockfileVersion": 2,
  "requires": true,
  "packages": {
    "": {
      "name": "fins",
      "version": "1.0.0",
      "license": "ISC",
      "dependencies": {
        "omron-fins": "git://github.com/patrick--/node-omron-fins.git"
      }
    },
    "node_modules/omron-fins": {
      "version": "0.0.1",
      "resolved": "git+ssh://git@github.com/patrick--/node-omron-fins.git#6435dfdcfa4754fdb537a5787643066c3e5be47b"
    }
  },
  "dependencies": {
    "omron-fins": {
      "version": "git+ssh://git@github.com/patrick--/node-omron-fins.git#6435dfdcfa4754fdb537a5787643066c3e5be47b",
      "from": "omron-fins@git://github.com/patrick--/node-omron-fins.git"
    }
  }
}
