{
  "name": "s7driver",
  "version": "0.0.1",
  "lockfileVersion": 2,
  "requires": true,
  "packages": {
    "": {
      "name": "s7driver",
      "version": "0.0.1",
      "license": "ISC",
      "dependencies": {
        "nodes7": "^0.3.3"
      }
    },
    "node_modules/nodes7": {
      "version": "0.3.16",
      "resolved": "http://localhost:4873/nodes7/-/nodes7-0.3.16.tgz",
      "integrity": "sha512-fqJ8eKjvAoaHUZ/EsXdG4ONvD4AJF6AQypgeSldihJGP95fXIsrUIql3S0v0bfkvk5f7EomMA3nFJzAwA19QSA==",
      "license": "MIT"
    }
  },
  "dependencies": {
    "nodes7": {
      "version": "0.3.16",
      "resolved": "http://localhost:4873/nodes7/-/nodes7-0.3.16.tgz",
      "integrity": "sha512-fqJ8eKjvAoaHUZ/EsXdG4ONvD4AJF6AQypgeSldihJGP95fXIsrUIql3S0v0bfkvk5f7EomMA3nFJzAwA19QSA=="
    }
  }
}
