{
  "name": "rpi",
  "version": "1.0.0",
  "lockfileVersion": 1,
  "dependencies": {
    "bindings": {
      "version": "1.2.1",
      "resolved": "https://registry.npmjs.org/bindings/-/bindings-1.2.1.tgz",
      "integrity": "sha1-FK1hE4EtLTfXLme0ystLtyZQXxE="
    },
    "epoll": {
      "version": "0.1.22",
      "resolved": "https://registry.npmjs.org/epoll/-/epoll-0.1.22.tgz",
      "integrity": "sha1-GrmmN8/xGiCXDIiLHKIXi2TPUpE=",
      "requires": {
        "bindings": "1.2.1",
        "nan": "2.6.2"
      }
    },
    "nan": {
      "version": "2.6.2",
      "resolved": "https://registry.npmjs.org/nan/-/nan-2.6.2.tgz",
      "integrity": "sha1-5P805slf37WuzAjeZZb0NgWn20U="
    },
    "onoff": {
      "version": "1.1.7",
      "resolved": "https://registry.npmjs.org/onoff/-/onoff-1.1.7.tgz",
      "integrity": "sha1-kZKHlby16QL+dVG9e7JVHZunZII=",
      "requires": {
        "epoll": "0.1.22"
      }
    }
  }
}
